PODS:
  - facebook_core (0.3.0):
    - facebook_core/vendor (= 0.3.0)
    - Flutter
  - facebook_core/vendor (0.3.0):
    - FBSDKCoreKit (~> 9.0.1)
    - Flutter
  - facebook_login (0.3.0):
    - facebook_login/vendor (= 0.3.0)
    - Flutter
  - facebook_login/vendor (0.3.0):
    - FBSDKLoginKit (~> 9.0.1)
    - Flutter
  - FBSDKCoreKit (9.0.1):
    - FBSDKCoreKit/Basics (= 9.0.1)
    - FBSDKCoreKit/Core (= 9.0.1)
  - FBSDKCoreKit/Basics (9.0.1)
  - FBSDKCoreKit/Core (9.0.1):
    - FBSDKCoreKit/Basics
  - FBSDKLoginKit (9.0.1):
    - FBSDKLoginKit/Login (= 9.0.1)
  - FBSDKLoginKit/Login (9.0.1):
    - FBSDKCoreKit (~> 9.0.1)
  - Flutter (1.0.0)

DEPENDENCIES:
  - facebook_core (from `.symlinks/plugins/facebook_core/ios`)
  - facebook_login (from `.symlinks/plugins/facebook_login/ios`)
  - Flutter (from `Flutter`)

SPEC REPOS:
  trunk:
    - FBSDKCoreKit
    - FBSDKLoginKit

EXTERNAL SOURCES:
  facebook_core:
    :path: ".symlinks/plugins/facebook_core/ios"
  facebook_login:
    :path: ".symlinks/plugins/facebook_login/ios"
  Flutter:
    :path: Flutter

SPEC CHECKSUMS:
  facebook_core: 4927deae447c15534131735cb0f7413bbdc276f3
  facebook_login: 377cf61a1db619e22eeb5042fc969bb58fd6cb3d
  FBSDKCoreKit: fada1a6a0076724678993ff05a633848765ff18c
  FBSDKLoginKit: d5ffe6d808897019ccf16feb6f0a7ab260bc5cd6
  Flutter: 434fef37c0980e73bb6479ef766c45957d4b510c

PODFILE CHECKSUM: aafe91acc616949ddb318b77800a7f51bffa2a4c

COCOAPODS: 1.10.1
