PODS:
  - facebook_core (0.1.0):
    - facebook_core/vendor (= 0.1.0)
    - Flutter
  - facebook_core/vendor (0.1.0):
    - FBSDKCoreKit (~> 8.1.0)
    - Flutter
  - FBSDKCoreKit (8.1.0):
    - FBSDKCoreKit/Basics (= 8.1.0)
    - FBSDKCoreKit/Core (= 8.1.0)
  - FBSDKCoreKit/Basics (8.1.0)
  - FBSDKCoreKit/Core (8.1.0):
    - FBSDKCoreKit/Basics
  - Flutter (1.0.0)

DEPENDENCIES:
  - facebook_core (from `.symlinks/plugins/facebook_core/ios`)
  - Flutter (from `Flutter`)

SPEC REPOS:
  trunk:
    - FBSDKCoreKit

EXTERNAL SOURCES:
  facebook_core:
    :path: ".symlinks/plugins/facebook_core/ios"
  Flutter:
    :path: Flutter

SPEC CHECKSUMS:
  facebook_core: 3b9fc04c37f5372b40614f51bb5e2abce8c1ff6e
  FBSDKCoreKit: b3ca27e124dae67122d3bb47c8f96800b39986a6
  Flutter: 0e3d915762c693b495b44d77113d4970485de6ec

PODFILE CHECKSUM: aafe91acc616949ddb318b77800a7f51bffa2a4c

COCOAPODS: 1.10.0
