PODS:
  - facebook_applinks (0.0.2):
    - facebook_applinks/vendor (= 0.0.2)
    - Flutter
  - facebook_applinks/vendor (0.0.2):
    - FBSDKCoreKit (~> 8.1.0)
    - Flutter
  - facebook_core (0.0.1):
    - facebook_core/vendor (= 0.0.1)
    - Flutter
  - facebook_core/vendor (0.0.1):
    - FBSDKCoreKit (~> 8.1.0)
    - Flutter
  - FBSDKCoreKit (8.1.0):
    - FBSDKCoreKit/Basics (= 8.1.0)
    - FBSDKCoreKit/Core (= 8.1.0)
  - FBSDKCoreKit/Basics (8.1.0)
  - FBSDKCoreKit/Core (8.1.0):
    - FBSDKCoreKit/Basics
  - Flutter (1.0.0)

DEPENDENCIES:
  - facebook_applinks (from `.symlinks/plugins/facebook_applinks/ios`)
  - facebook_core (from `.symlinks/plugins/facebook_core/ios`)
  - Flutter (from `Flutter`)

SPEC REPOS:
  trunk:
    - FBSDKCoreKit

EXTERNAL SOURCES:
  facebook_applinks:
    :path: ".symlinks/plugins/facebook_applinks/ios"
  facebook_core:
    :path: ".symlinks/plugins/facebook_core/ios"
  Flutter:
    :path: Flutter

SPEC CHECKSUMS:
  facebook_applinks: 0b9ba4ff7fc288a950664591a9ba25ab3a69bd6d
  facebook_core: 283b5ac1297161ea01218a4f1731d2a695a68d1f
  FBSDKCoreKit: b3ca27e124dae67122d3bb47c8f96800b39986a6
  Flutter: 0e3d915762c693b495b44d77113d4970485de6ec

PODFILE CHECKSUM: aafe91acc616949ddb318b77800a7f51bffa2a4c

COCOAPODS: 1.10.0
